
Microsoft Visual Studio Solution File, Format Version 12.00
# Visual Studio Version 17
VisualStudioVersion = 17.4.33122.133
MinimumVisualStudioVersion = 10.0.40219.1
Project("{FAE04EC0-301F-11D3-BF4B-00C04F79EFBC}") = "новейшая общага", "новейшая общага\новейшая общага.csproj", "{36874E51-491F-4AA0-8E5B-66D0FCD022B7}"
EndProject
Global
	GlobalSection(SolutionConfigurationPlatforms) = preSolution
		Debug|Any CPU = Debug|Any CPU
		Release|Any CPU = Release|Any CPU
	EndGlobalSection
	GlobalSection(ProjectConfigurationPlatforms) = postSolution
		{36874E51-491F-4AA0-8E5B-66D0FCD022B7}.Debug|Any CPU.ActiveCfg = Debug|Any CPU
		{36874E51-491F-4AA0-8E5B-66D0FCD022B7}.Debug|Any CPU.Build.0 = Debug|Any CPU
		{36874E51-491F-4AA0-8E5B-66D0FCD022B7}.Release|Any CPU.ActiveCfg = Release|Any CPU
		{36874E51-491F-4AA0-8E5B-66D0FCD022B7}.Release|Any CPU.Build.0 = Release|Any CPU
	EndGlobalSection
	GlobalSection(SolutionProperties) = preSolution
		HideSolutionNode = FALSE
	EndGlobalSection
	GlobalSection(ExtensibilityGlobals) = postSolution
		SolutionGuid = {B8774200-4555-49E6-A7D8-7ECC7D107003}
	EndGlobalSection
EndGlobal
